
Microsoft Visual Studio Solution File, Format Version 12.00
# Visual Studio Version 17
VisualStudioVersion = 17.1.32210.238
MinimumVisualStudioVersion = 10.0.40219.1
Project("{FAE04EC0-301F-11D3-BF4B-00C04F79EFBC}") = "jcr168-Homework1", "jcr168-Homework1.csproj", "{AFEDB7A0-77B8-45B4-833C-E1A89017BA0C}"
EndProject
Global
	GlobalSection(SolutionConfigurationPlatforms) = preSolution
		Debug|Any CPU = Debug|Any CPU
		Release|Any CPU = Release|Any CPU
	EndGlobalSection
	GlobalSection(ProjectConfigurationPlatforms) = postSolution
		{AFEDB7A0-77B8-45B4-833C-E1A89017BA0C}.Debug|Any CPU.ActiveCfg = Debug|Any CPU
		{AFEDB7A0-77B8-45B4-833C-E1A89017BA0C}.Debug|Any CPU.Build.0 = Debug|Any CPU
		{AFEDB7A0-77B8-45B4-833C-E1A89017BA0C}.Release|Any CPU.ActiveCfg = Release|Any CPU
		{AFEDB7A0-77B8-45B4-833C-E1A89017BA0C}.Release|Any CPU.Build.0 = Release|Any CPU
	EndGlobalSection
	GlobalSection(SolutionProperties) = preSolution
		HideSolutionNode = FALSE
	EndGlobalSection
	GlobalSection(ExtensibilityGlobals) = postSolution
		SolutionGuid = {3E3E07FB-A077-4EA8-85CA-39F3C2F516F9}
	EndGlobalSection
EndGlobal
